<?xml version="1.0" encoding="UTF-8"?>
<Scheme
   LastUpgradeVersion = "0620"
   version = "1.3">
   <BuildAction
      parallelizeBuildables = "YES"
      buildImplicitDependencies = "YES">
      <BuildActionEntries>
         <BuildActionEntry
            buildForTesting = "YES"
            buildForRunning = "YES"
            buildForProfiling = "YES"
            buildForArchiving = "YES"
            buildForAnalyzing = "YES">
            <BuildableReference
               BuildableIdentifier = "primary"
               BlueprintIdentifier = "B3A43AC71A9A60DA0070180D"
               BuildableName = "SFWatchDemo3 WatchKit App.app"
               BlueprintName = "SFWatchDemo3 WatchKit App"
               ReferencedContainer = "container:SFWatchDemo3.xcodeproj">
            </BuildableReference>
         </BuildActionEntry>
         <BuildActionEntry
            buildForTesting = "YES"
            buildForRunning = "YES"
            buildForProfiling = "YES"
            buildForArchiving = "YES"
            buildForAnalyzing = "YES">
            <BuildableReference
               BuildableIdentifier = "primary"
               BlueprintIdentifier = "B3A43ABC1A9A60DA0070180D"
               BuildableName = "SFWatchDemo3 WatchKit Extension.appex"
               BlueprintName = "SFWatchDemo3 WatchKit Extension"
               ReferencedContainer = "container:SFWatchDemo3.xcodeproj">
            </BuildableReference>
         </BuildActionEntry>
         <BuildActionEntry
            buildForTesting = "YES"
            buildForRunning = "YES"
            buildForProfiling = "YES"
            buildForArchiving = "YES"
            buildForAnalyzing = "YES">
            <BuildableReference
               BuildableIdentifier = "primary"
               BlueprintIdentifier = "824A9DD41724E16400C9BD79"
               BuildableName = "SFWatchDemo3.app"
               BlueprintName = "SFWatchDemo3"
               ReferencedContainer = "container:SFWatchDemo3.xcodeproj">
            </BuildableReference>
         </BuildActionEntry>
      </BuildActionEntries>
   </BuildAction>
   <TestAction
      selectedDebuggerIdentifier = "Xcode.DebuggerFoundation.Debugger.LLDB"
      selectedLauncherIdentifier = "Xcode.DebuggerFoundation.Launcher.LLDB"
      shouldUseLaunchSchemeArgsEnv = "YES"
      buildConfiguration = "Debug">
      <Testables>
      </Testables>
      <MacroExpansion>
         <BuildableReference
            BuildableIdentifier = "primary"
            BlueprintIdentifier = "B3A43AC71A9A60DA0070180D"
            BuildableName = "SFWatchDemo3 WatchKit App.app"
            BlueprintName = "SFWatchDemo3 WatchKit App"
            ReferencedContainer = "container:SFWatchDemo3.xcodeproj">
         </BuildableReference>
      </MacroExpansion>
   </TestAction>
   <LaunchAction
      selectedDebuggerIdentifier = "Xcode.DebuggerFoundation.Debugger.LLDB"
      selectedLauncherIdentifier = "Xcode.DebuggerFoundation.Launcher.LLDB"
      launchStyle = "0"
      useCustomWorkingDirectory = "NO"
      buildConfiguration = "Debug"
      ignoresPersistentStateOnLaunch = "NO"
      debugDocumentVersioning = "YES"
      allowLocationSimulation = "YES">
      <RemoteRunnable
         runnableDebuggingMode = "2"
         BundleIdentifier = "com.apple.springboard"
         RemotePath = "/SFWatchDemo3">
         <BuildableReference
            BuildableIdentifier = "primary"
            BlueprintIdentifier = "B3A43AC71A9A60DA0070180D"
            BuildableName = "SFWatchDemo3 WatchKit App.app"
            BlueprintName = "SFWatchDemo3 WatchKit App"
            ReferencedContainer = "container:SFWatchDemo3.xcodeproj">
         </BuildableReference>
      </RemoteRunnable>
      <MacroExpansion>
         <BuildableReference
            BuildableIdentifier = "primary"
            BlueprintIdentifier = "B3A43AC71A9A60DA0070180D"
            BuildableName = "SFWatchDemo3 WatchKit App.app"
            BlueprintName = "SFWatchDemo3 WatchKit App"
            ReferencedContainer = "container:SFWatchDemo3.xcodeproj">
         </BuildableReference>
      </MacroExpansion>
      <AdditionalOptions>
      </AdditionalOptions>
   </LaunchAction>
   <ProfileAction
      shouldUseLaunchSchemeArgsEnv = "YES"
      savedToolIdentifier = ""
      useCustomWorkingDirectory = "NO"
      buildConfiguration = "Release"
      debugDocumentVersioning = "YES">
      <RemoteRunnable
         runnableDebuggingMode = "2"
         BundleIdentifier = "com.apple.springboard"
         RemotePath = "/SFWatchDemo3">
         <BuildableReference
            BuildableIdentifier = "primary"
            BlueprintIdentifier = "B3A43AC71A9A60DA0070180D"
            BuildableName = "SFWatchDemo3 WatchKit App.app"
            BlueprintName = "SFWatchDemo3 WatchKit App"
            ReferencedContainer = "container:SFWatchDemo3.xcodeproj">
         </BuildableReference>
      </RemoteRunnable>
      <MacroExpansion>
         <BuildableReference
            BuildableIdentifier = "primary"
            BlueprintIdentifier = "B3A43AC71A9A60DA0070180D"
            BuildableName = "SFWatchDemo3 WatchKit App.app"
            BlueprintName = "SFWatchDemo3 WatchKit App"
            ReferencedContainer = "container:SFWatchDemo3.xcodeproj">
         </BuildableReference>
      </MacroExpansion>
   </ProfileAction>
   <AnalyzeAction
      buildConfiguration = "Debug">
   </AnalyzeAction>
   <ArchiveAction
      buildConfiguration = "Release"
      revealArchiveInOrganizer = "YES">
   </ArchiveAction>
</Scheme>
